# THIS IS AN AUTOGENERATED FILE. DO NOT EDIT THIS FILE DIRECTLY.
# yarn lockfile v1


async-limiter@~1.0.0:
  version "1.0.0"
  resolved "https://registry.yarnpkg.com/async-limiter/-/async-limiter-1.0.0.tgz#78faed8c3d074ab81f22b4e985d79e8738f720f8"

"bluebird@>= 3.0.1":
  version "3.5.1"
  resolved "https://registry.npmjs.org/bluebird/-/bluebird-3.5.1.tgz#d9551f9de98f1fcda1e683d17ee91a0602ee2eb9"

colors@^1.2.3:
  version "1.2.3"
  resolved "https://registry.yarnpkg.com/colors/-/colors-1.2.3.tgz#1b152a9c4f6c9f74bc4bb96233ad0b7983b79744"

discord.js@hydrabolt/discord.js:
  version "12.0.0-dev"
  resolved "https://codeload.github.com/hydrabolt/discord.js/tar.gz/62605c4470bc78b4f302b7d40f2492f066b3e5b8"
  dependencies:
    pako "^1.0.0"
    prism-media "^0.2.0"
    snekfetch "^3.6.0"
    tweetnacl "^1.0.0"
    ws "^4.0.0"

fs-readdir-recursive@^1.1.0:
  version "1.1.0"
  resolved "https://registry.yarnpkg.com/fs-readdir-recursive/-/fs-readdir-recursive-1.1.0.tgz#e32fc030a2ccee44a6b5371308da54be0b397d27"

node-fetch@^2.2.0:
  version "2.2.0"
  resolved "https://registry.npmjs.org/node-fetch/-/node-fetch-2.2.0.tgz#4ee79bde909262f9775f731e3656d0db55ced5b5"

pako@^1.0.0:
  version "1.0.6"
  resolved "https://registry.yarnpkg.com/pako/-/pako-1.0.6.tgz#0101211baa70c4bca4a0f63f2206e97b7dfaf258"

prism-media@^0.2.0:
  version "0.2.1"
  resolved "https://registry.yarnpkg.com/prism-media/-/prism-media-0.2.1.tgz#7968f2c7194588887c4c48081968d8c28e0d2469"

rethinkdbdash@^2.3.31:
  version "2.3.31"
  resolved "https://registry.npmjs.org/rethinkdbdash/-/rethinkdbdash-2.3.31.tgz#fe2f73d1fa6e6f5d96d8e881292013cf6dca914d"
  dependencies:
    bluebird ">= 3.0.1"

safe-buffer@~5.1.0:
  version "5.1.2"
  resolved "https://registry.yarnpkg.com/safe-buffer/-/safe-buffer-5.1.2.tgz#991ec69d296e0313747d59bdfd2b745c35f8828d"

snekfetch@^3.6.0:
  version "3.6.4"
  resolved "https://registry.yarnpkg.com/snekfetch/-/snekfetch-3.6.4.tgz#d13e80a616d892f3d38daae4289f4d258a645120"

tweetnacl@^1.0.0:
  version "1.0.0"
  resolved "https://registry.yarnpkg.com/tweetnacl/-/tweetnacl-1.0.0.tgz#713d8b818da42068740bf68386d0479e66fc8a7b"

ws@^4.0.0:
  version "4.1.0"
  resolved "https://registry.yarnpkg.com/ws/-/ws-4.1.0.tgz#a979b5d7d4da68bf54efe0408967c324869a7289"
  dependencies:
    async-limiter "~1.0.0"
    safe-buffer "~5.1.0"
